// !$*UTF8*$!
{
	archiveVersion = 1;
	classes = {
	};
	objectVersion = 56;
	objects = {

/* Begin PBXBuildFile section */
		695039052D0242B10074C4B8 /* Game2App.swift in Sources */ = {isa = PBXBuildFile; fileRef = 695039042D0242B10074C4B8 /* Game2App.swift */; };
		695039072D0242B10074C4B8 /* ContentView.swift in Sources */ = {isa = PBXBuildFile; fileRef = 695039062D0242B10074C4B8 /* ContentView.swift */; };
		695039092D0242B30074C4B8 /* Assets.xcassets in Resources */ = {isa = PBXBuildFile; fileRef = 695039082D0242B30074C4B8 /* Assets.xcassets */; };
		6950390C2D0242B30074C4B8 /* Preview Assets.xcassets in Resources */ = {isa = PBXBuildFile; fileRef = 6950390B2D0242B30074C4B8 /* Preview Assets.xcassets */; };
		695039162D0242B30074C4B8 /* Game2Tests.swift in Sources */ = {isa = PBXBuildFile; fileRef = 695039152D0242B30074C4B8 /* Game2Tests.swift */; };
		695039202D0242B30074C4B8 /* Game2UITests.swift in Sources */ = {isa = PBXBuildFile; fileRef = 6950391F2D0242B30074C4B8 /* Game2UITests.swift */; };
		695039222D0242B30074C4B8 /* Game2UITestsLaunchTests.swift in Sources */ = {isa = PBXBuildFile; fileRef = 695039212D0242B30074C4B8 /* Game2UITestsLaunchTests.swift */; };
		695039332D0245AA0074C4B8 /* Inkston3.ttf in Resources */ = {isa = PBXBuildFile; fileRef = 695039322D0245AA0074C4B8 /* Inkston3.ttf */; };
		695039342D0245AA0074C4B8 /* Inkston3.ttf in Resources */ = {isa = PBXBuildFile; fileRef = 695039322D0245AA0074C4B8 /* Inkston3.ttf */; };
		695039352D0245AA0074C4B8 /* Inkston3.ttf in Resources */ = {isa = PBXBuildFile; fileRef = 695039322D0245AA0074C4B8 /* Inkston3.ttf */; };
		695039382D024C1E0074C4B8 /* HATTEN.TTF in Resources */ = {isa = PBXBuildFile; fileRef = 695039372D024C1D0074C4B8 /* HATTEN.TTF */; };
		695039392D024C1E0074C4B8 /* HATTEN.TTF in Resources */ = {isa = PBXBuildFile; fileRef = 695039372D024C1D0074C4B8 /* HATTEN.TTF */; };
		6950393A2D024C1E0074C4B8 /* HATTEN.TTF in Resources */ = {isa = PBXBuildFile; fileRef = 695039372D024C1D0074C4B8 /* HATTEN.TTF */; };
		6950393C2D024FC40074C4B8 /* Games.swift in Sources */ = {isa = PBXBuildFile; fileRef = 6950393B2D024FC40074C4B8 /* Games.swift */; };
		6950393D2D024FC40074C4B8 /* Games.swift in Sources */ = {isa = PBXBuildFile; fileRef = 6950393B2D024FC40074C4B8 /* Games.swift */; };
		6950393E2D024FC40074C4B8 /* Games.swift in Sources */ = {isa = PBXBuildFile; fileRef = 6950393B2D024FC40074C4B8 /* Games.swift */; };
		695039402D0260D10074C4B8 /* TopScore.swift in Sources */ = {isa = PBXBuildFile; fileRef = 6950393F2D0260D10074C4B8 /* TopScore.swift */; };
		695039412D0260D10074C4B8 /* TopScore.swift in Sources */ = {isa = PBXBuildFile; fileRef = 6950393F2D0260D10074C4B8 /* TopScore.swift */; };
		695039422D0260D10074C4B8 /* TopScore.swift in Sources */ = {isa = PBXBuildFile; fileRef = 6950393F2D0260D10074C4B8 /* TopScore.swift */; };
		695039442D0265790074C4B8 /* Nurikabe.swift in Sources */ = {isa = PBXBuildFile; fileRef = 695039432D0265790074C4B8 /* Nurikabe.swift */; };
		695039452D0265790074C4B8 /* Nurikabe.swift in Sources */ = {isa = PBXBuildFile; fileRef = 695039432D0265790074C4B8 /* Nurikabe.swift */; };
		695039462D0265790074C4B8 /* Nurikabe.swift in Sources */ = {isa = PBXBuildFile; fileRef = 695039432D0265790074C4B8 /* Nurikabe.swift */; };
/* End PBXBuildFile section */

/* Begin PBXContainerItemProxy section */
		695039122D0242B30074C4B8 /* PBXContainerItemProxy */ = {
			isa = PBXContainerItemProxy;
			containerPortal = 695038F92D0242B10074C4B8 /* Project object */;
			proxyType = 1;
			remoteGlobalIDString = 695039002D0242B10074C4B8;
			remoteInfo = Game2;
		};
		6950391C2D0242B30074C4B8 /* PBXContainerItemProxy */ = {
			isa = PBXContainerItemProxy;
			containerPortal = 695038F92D0242B10074C4B8 /* Project object */;
			proxyType = 1;
			remoteGlobalIDString = 695039002D0242B10074C4B8;
			remoteInfo = Game2;
		};
/* End PBXContainerItemProxy section */

/* Begin PBXFileReference section */
		695039012D0242B10074C4B8 /* Game2.app */ = {isa = PBXFileReference; explicitFileType = wrapper.application; includeInIndex = 0; path = Game2.app; sourceTree = BUILT_PRODUCTS_DIR; };
		695039042D0242B10074C4B8 /* Game2App.swift */ = {isa = PBXFileReference; lastKnownFileType = sourcecode.swift; path = Game2App.swift; sourceTree = "<group>"; };
		695039062D0242B10074C4B8 /* ContentView.swift */ = {isa = PBXFileReference; lastKnownFileType = sourcecode.swift; path = ContentView.swift; sourceTree = "<group>"; };
		695039082D0242B30074C4B8 /* Assets.xcassets */ = {isa = PBXFileReference; lastKnownFileType = folder.assetcatalog; path = Assets.xcassets; sourceTree = "<group>"; };
		6950390B2D0242B30074C4B8 /* Preview Assets.xcassets */ = {isa = PBXFileReference; lastKnownFileType = folder.assetcatalog; path = "Preview Assets.xcassets"; sourceTree = "<group>"; };
		695039112D0242B30074C4B8 /* Game2Tests.xctest */ = {isa = PBXFileReference; explicitFileType = wrapper.cfbundle; includeInIndex = 0; path = Game2Tests.xctest; sourceTree = BUILT_PRODUCTS_DIR; };
		695039152D0242B30074C4B8 /* Game2Tests.swift */ = {isa = PBXFileReference; lastKnownFileType = sourcecode.swift; path = Game2Tests.swift; sourceTree = "<group>"; };
		6950391B2D0242B30074C4B8 /* Game2UITests.xctest */ = {isa = PBXFileReference; explicitFileType = wrapper.cfbundle; includeInIndex = 0; path = Game2UITests.xctest; sourceTree = BUILT_PRODUCTS_DIR; };
		6950391F2D0242B30074C4B8 /* Game2UITests.swift */ = {isa = PBXFileReference; lastKnownFileType = sourcecode.swift; path = Game2UITests.swift; sourceTree = "<group>"; };
		695039212D0242B30074C4B8 /* Game2UITestsLaunchTests.swift */ = {isa = PBXFileReference; lastKnownFileType = sourcecode.swift; path = Game2UITestsLaunchTests.swift; sourceTree = "<group>"; };
		695039322D0245AA0074C4B8 /* Inkston3.ttf */ = {isa = PBXFileReference; lastKnownFileType = file; path = Inkston3.ttf; sourceTree = "<group>"; };
		695039362D024B870074C4B8 /* Info.plist */ = {isa = PBXFileReference; lastKnownFileType = text.plist; path = Info.plist; sourceTree = "<group>"; };
		695039372D024C1D0074C4B8 /* HATTEN.TTF */ = {isa = PBXFileReference; lastKnownFileType = file; path = HATTEN.TTF; sourceTree = "<group>"; };
		6950393B2D024FC40074C4B8 /* Games.swift */ = {isa = PBXFileReference; lastKnownFileType = sourcecode.swift; path = Games.swift; sourceTree = "<group>"; };
		6950393F2D0260D10074C4B8 /* TopScore.swift */ = {isa = PBXFileReference; lastKnownFileType = sourcecode.swift; path = TopScore.swift; sourceTree = "<group>"; };
		695039432D0265790074C4B8 /* Nurikabe.swift */ = {isa = PBXFileReference; lastKnownFileType = sourcecode.swift; path = Nurikabe.swift; sourceTree = "<group>"; };
/* End PBXFileReference section */

/* Begin PBXFrameworksBuildPhase section */
		695038FE2D0242B10074C4B8 /* Frameworks */ = {
			isa = PBXFrameworksBuildPhase;
			buildActionMask = 2147483647;
			files = (
			);
			runOnlyForDeploymentPostprocessing = 0;
		};
		6950390E2D0242B30074C4B8 /* Frameworks */ = {
			isa = PBXFrameworksBuildPhase;
			buildActionMask = 2147483647;
			files = (
			);
			runOnlyForDeploymentPostprocessing = 0;
		};
		695039182D0242B30074C4B8 /* Frameworks */ = {
			isa = PBXFrameworksBuildPhase;
			buildActionMask = 2147483647;
			files = (
			);
			runOnlyForDeploymentPostprocessing = 0;
		};
/* End PBXFrameworksBuildPhase section */

/* Begin PBXGroup section */
		695038F82D0242B10074C4B8 = {
			isa = PBXGroup;
			children = (
				695039372D024C1D0074C4B8 /* HATTEN.TTF */,
				695039322D0245AA0074C4B8 /* Inkston3.ttf */,
				695039032D0242B10074C4B8 /* Game2 */,
				695039142D0242B30074C4B8 /* Game2Tests */,
				6950391E2D0242B30074C4B8 /* Game2UITests */,
				695039022D0242B10074C4B8 /* Products */,
			);
			sourceTree = "<group>";
		};
		695039022D0242B10074C4B8 /* Products */ = {
			isa = PBXGroup;
			children = (
				695039012D0242B10074C4B8 /* Game2.app */,
				695039112D0242B30074C4B8 /* Game2Tests.xctest */,
				6950391B2D0242B30074C4B8 /* Game2UITests.xctest */,
			);
			name = Products;
			sourceTree = "<group>";
		};
		695039032D0242B10074C4B8 /* Game2 */ = {
			isa = PBXGroup;
			children = (
				695039362D024B870074C4B8 /* Info.plist */,
				695039042D0242B10074C4B8 /* Game2App.swift */,
				695039062D0242B10074C4B8 /* ContentView.swift */,
				6950393B2D024FC40074C4B8 /* Games.swift */,
				695039432D0265790074C4B8 /* Nurikabe.swift */,
				6950393F2D0260D10074C4B8 /* TopScore.swift */,
				695039082D0242B30074C4B8 /* Assets.xcassets */,
				6950390A2D0242B30074C4B8 /* Preview Content */,
			);
			path = Game2;
			sourceTree = "<group>";
		};
		6950390A2D0242B30074C4B8 /* Preview Content */ = {
			isa = PBXGroup;
			children = (
				6950390B2D0242B30074C4B8 /* Preview Assets.xcassets */,
			);
			path = "Preview Content";
			sourceTree = "<group>";
		};
		695039142D0242B30074C4B8 /* Game2Tests */ = {
			isa = PBXGroup;
			children = (
				695039152D0242B30074C4B8 /* Game2Tests.swift */,
			);
			path = Game2Tests;
			sourceTree = "<group>";
		};
		6950391E2D0242B30074C4B8 /* Game2UITests */ = {
			isa = PBXGroup;
			children = (
				6950391F2D0242B30074C4B8 /* Game2UITests.swift */,
				695039212D0242B30074C4B8 /* Game2UITestsLaunchTests.swift */,
			);
			path = Game2UITests;
			sourceTree = "<group>";
		};
/* End PBXGroup section */

/* Begin PBXNativeTarget section */
		695039002D0242B10074C4B8 /* Game2 */ = {
			isa = PBXNativeTarget;
			buildConfigurationList = 695039252D0242B30074C4B8 /* Build configuration list for PBXNativeTarget "Game2" */;
			buildPhases = (
				695038FD2D0242B10074C4B8 /* Sources */,
				695038FE2D0242B10074C4B8 /* Frameworks */,
				695038FF2D0242B10074C4B8 /* Resources */,
			);
			buildRules = (
			);
			dependencies = (
			);
			name = Game2;
			productName = Game2;
			productReference = 695039012D0242B10074C4B8 /* Game2.app */;
			productType = "com.apple.product-type.application";
		};
		695039102D0242B30074C4B8 /* Game2Tests */ = {
			isa = PBXNativeTarget;
			buildConfigurationList = 695039282D0242B30074C4B8 /* Build configuration list for PBXNativeTarget "Game2Tests" */;
			buildPhases = (
				6950390D2D0242B30074C4B8 /* Sources */,
				6950390E2D0242B30074C4B8 /* Frameworks */,
				6950390F2D0242B30074C4B8 /* Resources */,
			);
			buildRules = (
			);
			dependencies = (
				695039132D0242B30074C4B8 /* PBXTargetDependency */,
			);
			name = Game2Tests;
			productName = Game2Tests;
			productReference = 695039112D0242B30074C4B8 /* Game2Tests.xctest */;
			productType = "com.apple.product-type.bundle.unit-test";
		};
		6950391A2D0242B30074C4B8 /* Game2UITests */ = {
			isa = PBXNativeTarget;
			buildConfigurationList = 6950392B2D0242B30074C4B8 /* Build configuration list for PBXNativeTarget "Game2UITests" */;
			buildPhases = (
				695039172D0242B30074C4B8 /* Sources */,
				695039182D0242B30074C4B8 /* Frameworks */,
				695039192D0242B30074C4B8 /* Resources */,
			);
			buildRules = (
			);
			dependencies = (
				6950391D2D0242B30074C4B8 /* PBXTargetDependency */,
			);
			name = Game2UITests;
			productName = Game2UITests;
			productReference = 6950391B2D0242B30074C4B8 /* Game2UITests.xctest */;
			productType = "com.apple.product-type.bundle.ui-testing";
		};
/* End PBXNativeTarget section */

/* Begin PBXProject section */
		695038F92D0242B10074C4B8 /* Project object */ = {
			isa = PBXProject;
			attributes = {
				BuildIndependentTargetsInParallel = 1;
				LastSwiftUpdateCheck = 1530;
				LastUpgradeCheck = 1530;
				TargetAttributes = {
					695039002D0242B10074C4B8 = {
						CreatedOnToolsVersion = 15.3;
					};
					695039102D0242B30074C4B8 = {
						CreatedOnToolsVersion = 15.3;
						TestTargetID = 695039002D0242B10074C4B8;
					};
					6950391A2D0242B30074C4B8 = {
						CreatedOnToolsVersion = 15.3;
						TestTargetID = 695039002D0242B10074C4B8;
					};
				};
			};
			buildConfigurationList = 695038FC2D0242B10074C4B8 /* Build configuration list for PBXProject "Game2" */;
			compatibilityVersion = "Xcode 14.0";
			developmentRegion = en;
			hasScannedForEncodings = 0;
			knownRegions = (
				en,
				Base,
			);
			mainGroup = 695038F82D0242B10074C4B8;
			productRefGroup = 695039022D0242B10074C4B8 /* Products */;
			projectDirPath = "";
			projectRoot = "";
			targets = (
				695039002D0242B10074C4B8 /* Game2 */,
				695039102D0242B30074C4B8 /* Game2Tests */,
				6950391A2D0242B30074C4B8 /* Game2UITests */,
			);
		};
/* End PBXProject section */

/* Begin PBXResourcesBuildPhase section */
		695038FF2D0242B10074C4B8 /* Resources */ = {
			isa = PBXResourcesBuildPhase;
			buildActionMask = 2147483647;
			files = (
				6950390C2D0242B30074C4B8 /* Preview Assets.xcassets in Resources */,
				695039332D0245AA0074C4B8 /* Inkston3.ttf in Resources */,
				695039382D024C1E0074C4B8 /* HATTEN.TTF in Resources */,
				695039092D0242B30074C4B8 /* Assets.xcassets in Resources */,
			);
			runOnlyForDeploymentPostprocessing = 0;
		};
		6950390F2D0242B30074C4B8 /* Resources */ = {
			isa = PBXResourcesBuildPhase;
			buildActionMask = 2147483647;
			files = (
				695039392D024C1E0074C4B8 /* HATTEN.TTF in Resources */,
				695039342D0245AA0074C4B8 /* Inkston3.ttf in Resources */,
			);
			runOnlyForDeploymentPostprocessing = 0;
		};
		695039192D0242B30074C4B8 /* Resources */ = {
			isa = PBXResourcesBuildPhase;
			buildActionMask = 2147483647;
			files = (
				6950393A2D024C1E0074C4B8 /* HATTEN.TTF in Resources */,
				695039352D0245AA0074C4B8 /* Inkston3.ttf in Resources */,
			);
			runOnlyForDeploymentPostprocessing = 0;
		};
/* End PBXResourcesBuildPhase section */

/* Begin PBXSourcesBuildPhase section */
		695038FD2D0242B10074C4B8 /* Sources */ = {
			isa = PBXSourcesBuildPhase;
			buildActionMask = 2147483647;
			files = (
				695039402D0260D10074C4B8 /* TopScore.swift in Sources */,
				6950393C2D024FC40074C4B8 /* Games.swift in Sources */,
				695039442D0265790074C4B8 /* Nurikabe.swift in Sources */,
				695039072D0242B10074C4B8 /* ContentView.swift in Sources */,
				695039052D0242B10074C4B8 /* Game2App.swift in Sources */,
			);
			runOnlyForDeploymentPostprocessing = 0;
		};
		6950390D2D0242B30074C4B8 /* Sources */ = {
			isa = PBXSourcesBuildPhase;
			buildActionMask = 2147483647;
			files = (
				695039162D0242B30074C4B8 /* Game2Tests.swift in Sources */,
				6950393D2D024FC40074C4B8 /* Games.swift in Sources */,
				695039452D0265790074C4B8 /* Nurikabe.swift in Sources */,
				695039412D0260D10074C4B8 /* TopScore.swift in Sources */,
			);
			runOnlyForDeploymentPostprocessing = 0;
		};
		695039172D0242B30074C4B8 /* Sources */ = {
			isa = PBXSourcesBuildPhase;
			buildActionMask = 2147483647;
			files = (
				695039422D0260D10074C4B8 /* TopScore.swift in Sources */,
				6950393E2D024FC40074C4B8 /* Games.swift in Sources */,
				695039462D0265790074C4B8 /* Nurikabe.swift in Sources */,
				695039202D0242B30074C4B8 /* Game2UITests.swift in Sources */,
				695039222D0242B30074C4B8 /* Game2UITestsLaunchTests.swift in Sources */,
			);
			runOnlyForDeploymentPostprocessing = 0;
		};
/* End PBXSourcesBuildPhase section */

/* Begin PBXTargetDependency section */
		695039132D0242B30074C4B8 /* PBXTargetDependency */ = {
			isa = PBXTargetDependency;
			target = 695039002D0242B10074C4B8 /* Game2 */;
			targetProxy = 695039122D0242B30074C4B8 /* PBXContainerItemProxy */;
		};
		6950391D2D0242B30074C4B8 /* PBXTargetDependency */ = {
			isa = PBXTargetDependency;
			target = 695039002D0242B10074C4B8 /* Game2 */;
			targetProxy = 6950391C2D0242B30074C4B8 /* PBXContainerItemProxy */;
		};
/* End PBXTargetDependency section */

/* Begin XCBuildConfiguration section */
		695039232D0242B30074C4B8 /* Debug */ = {
			isa = XCBuildConfiguration;
			buildSettings = {
				ALWAYS_SEARCH_USER_PATHS = NO;
				ASSETCATALOG_COMPILER_GENERATE_SWIFT_ASSET_SYMBOL_EXTENSIONS = YES;
				CLANG_ANALYZER_NONNULL = YES;
				CLANG_ANALYZER_NUMBER_OBJECT_CONVERSION = YES_AGGRESSIVE;
				CLANG_CXX_LANGUAGE_STANDARD = "gnu++20";
				CLANG_ENABLE_MODULES = YES;
				CLANG_ENABLE_OBJC_ARC = YES;
				CLANG_ENABLE_OBJC_WEAK = YES;
				CLANG_WARN_BLOCK_CAPTURE_AUTORELEASING = YES;
				CLANG_WARN_BOOL_CONVERSION = YES;
				CLANG_WARN_COMMA = YES;
				CLANG_WARN_CONSTANT_CONVERSION = YES;
				CLANG_WARN_DEPRECATED_OBJC_IMPLEMENTATIONS = YES;
				CLANG_WARN_DIRECT_OBJC_ISA_USAGE = YES_ERROR;
				CLANG_WARN_DOCUMENTATION_COMMENTS = YES;
				CLANG_WARN_EMPTY_BODY = YES;
				CLANG_WARN_ENUM_CONVERSION = YES;
				CLANG_WARN_INFINITE_RECURSION = YES;
				CLANG_WARN_INT_CONVERSION = YES;
				CLANG_WARN_NON_LITERAL_NULL_CONVERSION = YES;
				CLANG_WARN_OBJC_IMPLICIT_RETAIN_SELF = YES;
				CLANG_WARN_OBJC_LITERAL_CONVERSION = YES;
				CLANG_WARN_OBJC_ROOT_CLASS = YES_ERROR;
				CLANG_WARN_QUOTED_INCLUDE_IN_FRAMEWORK_HEADER = YES;
				CLANG_WARN_RANGE_LOOP_ANALYSIS = YES;
				CLANG_WARN_STRICT_PROTOTYPES = YES;
				CLANG_WARN_SUSPICIOUS_MOVE = YES;
				CLANG_WARN_UNGUARDED_AVAILABILITY = YES_AGGRESSIVE;
				CLANG_WARN_UNREACHABLE_CODE = YES;
				CLANG_WARN__DUPLICATE_METHOD_MATCH = YES;
				COPY_PHASE_STRIP = NO;
				DEBUG_INFORMATION_FORMAT = dwarf;
				ENABLE_STRICT_OBJC_MSGSEND = YES;
				ENABLE_TESTABILITY = YES;
				ENABLE_USER_SCRIPT_SANDBOXING = YES;
				GCC_C_LANGUAGE_STANDARD = gnu17;
				GCC_DYNAMIC_NO_PIC = NO;
				GCC_NO_COMMON_BLOCKS = YES;
				GCC_OPTIMIZATION_LEVEL = 0;
				GCC_PREPROCESSOR_DEFINITIONS = (
					"DEBUG=1",
					"$(inherited)",
				);
				GCC_WARN_64_TO_32_BIT_CONVERSION = YES;
				GCC_WARN_ABOUT_RETURN_TYPE = YES_ERROR;
				GCC_WARN_UNDECLARED_SELECTOR = YES;
				GCC_WARN_UNINITIALIZED_AUTOS = YES_AGGRESSIVE;
				GCC_WARN_UNUSED_FUNCTION = YES;
				GCC_WARN_UNUSED_VARIABLE = YES;
				IPHONEOS_DEPLOYMENT_TARGET = 17.4;
				LOCALIZATION_PREFERS_STRING_CATALOGS = YES;
				MTL_ENABLE_DEBUG_INFO = INCLUDE_SOURCE;
				MTL_FAST_MATH = YES;
				ONLY_ACTIVE_ARCH = YES;
				SDKROOT = iphoneos;
				SWIFT_ACTIVE_COMPILATION_CONDITIONS = "DEBUG $(inherited)";
				SWIFT_OPTIMIZATION_LEVEL = "-Onone";
			};
			name = Debug;
		};
		695039242D0242B30074C4B8 /* Release */ = {
			isa = XCBuildConfiguration;
			buildSettings = {
				ALWAYS_SEARCH_USER_PATHS = NO;
				ASSETCATALOG_COMPILER_GENERATE_SWIFT_ASSET_SYMBOL_EXTENSIONS = YES;
				CLANG_ANALYZER_NONNULL = YES;
				CLANG_ANALYZER_NUMBER_OBJECT_CONVERSION = YES_AGGRESSIVE;
				CLANG_CXX_LANGUAGE_STANDARD = "gnu++20";
				CLANG_ENABLE_MODULES = YES;
				CLANG_ENABLE_OBJC_ARC = YES;
				CLANG_ENABLE_OBJC_WEAK = YES;
				CLANG_WARN_BLOCK_CAPTURE_AUTORELEASING = YES;
				CLANG_WARN_BOOL_CONVERSION = YES;
				CLANG_WARN_COMMA = YES;
				CLANG_WARN_CONSTANT_CONVERSION = YES;
				CLANG_WARN_DEPRECATED_OBJC_IMPLEMENTATIONS = YES;
				CLANG_WARN_DIRECT_OBJC_ISA_USAGE = YES_ERROR;
				CLANG_WARN_DOCUMENTATION_COMMENTS = YES;
				CLANG_WARN_EMPTY_BODY = YES;
				CLANG_WARN_ENUM_CONVERSION = YES;
				CLANG_WARN_INFINITE_RECURSION = YES;
				CLANG_WARN_INT_CONVERSION = YES;
				CLANG_WARN_NON_LITERAL_NULL_CONVERSION = YES;
				CLANG_WARN_OBJC_IMPLICIT_RETAIN_SELF = YES;
				CLANG_WARN_OBJC_LITERAL_CONVERSION = YES;
				CLANG_WARN_OBJC_ROOT_CLASS = YES_ERROR;
				CLANG_WARN_QUOTED_INCLUDE_IN_FRAMEWORK_HEADER = YES;
				CLANG_WARN_RANGE_LOOP_ANALYSIS = YES;
				CLANG_WARN_STRICT_PROTOTYPES = YES;
				CLANG_WARN_SUSPICIOUS_MOVE = YES;
				CLANG_WARN_UNGUARDED_AVAILABILITY = YES_AGGRESSIVE;
				CLANG_WARN_UNREACHABLE_CODE = YES;
				CLANG_WARN__DUPLICATE_METHOD_MATCH = YES;
				COPY_PHASE_STRIP = NO;
				DEBUG_INFORMATION_FORMAT = "dwarf-with-dsym";
				ENABLE_NS_ASSERTIONS = NO;
				ENABLE_STRICT_OBJC_MSGSEND = YES;
				ENABLE_USER_SCRIPT_SANDBOXING = YES;
				GCC_C_LANGUAGE_STANDARD = gnu17;
				GCC_NO_COMMON_BLOCKS = YES;
				GCC_WARN_64_TO_32_BIT_CONVERSION = YES;
				GCC_WARN_ABOUT_RETURN_TYPE = YES_ERROR;
				GCC_WARN_UNDECLARED_SELECTOR = YES;
				GCC_WARN_UNINITIALIZED_AUTOS = YES_AGGRESSIVE;
				GCC_WARN_UNUSED_FUNCTION = YES;
				GCC_WARN_UNUSED_VARIABLE = YES;
				IPHONEOS_DEPLOYMENT_TARGET = 17.4;
				LOCALIZATION_PREFERS_STRING_CATALOGS = YES;
				MTL_ENABLE_DEBUG_INFO = NO;
				MTL_FAST_MATH = YES;
				SDKROOT = iphoneos;
				SWIFT_COMPILATION_MODE = wholemodule;
				VALIDATE_PRODUCT = YES;
			};
			name = Release;
		};
		695039262D0242B30074C4B8 /* Debug */ = {
			isa = XCBuildConfiguration;
			buildSettings = {
				ASSETCATALOG_COMPILER_APPICON_NAME = AppIcon;
				ASSETCATALOG_COMPILER_GLOBAL_ACCENT_COLOR_NAME = AccentColor;
				CODE_SIGN_STYLE = Automatic;
				CURRENT_PROJECT_VERSION = 1;
				DEVELOPMENT_ASSET_PATHS = "\"Game2/Preview Content\"";
				DEVELOPMENT_TEAM = H59J88H832;
				ENABLE_PREVIEWS = YES;
				GENERATE_INFOPLIST_FILE = YES;
				INFOPLIST_FILE = Game2/Info.plist;
				INFOPLIST_KEY_UIApplicationSceneManifest_Generation = YES;
				INFOPLIST_KEY_UIApplicationSupportsIndirectInputEvents = YES;
				INFOPLIST_KEY_UILaunchScreen_Generation = YES;
				INFOPLIST_KEY_UISupportedInterfaceOrientations_iPad = "UIInterfaceOrientationPortrait UIInterfaceOrientationPortraitUpsideDown UIInterfaceOrientationLandscapeLeft UIInterfaceOrientationLandscapeRight";
				INFOPLIST_KEY_UISupportedInterfaceOrientations_iPhone = "UIInterfaceOrientationPortrait UIInterfaceOrientationLandscapeLeft UIInterfaceOrientationLandscapeRight";
				LD_RUNPATH_SEARCH_PATHS = (
					"$(inherited)",
					"@executable_path/Frameworks",
				);
				MARKETING_VERSION = 1.0;
				PRODUCT_BUNDLE_IDENTIFIER = me.Game2;
				PRODUCT_NAME = "$(TARGET_NAME)";
				SWIFT_EMIT_LOC_STRINGS = YES;
				SWIFT_VERSION = 5.0;
				TARGETED_DEVICE_FAMILY = "1,2";
			};
			name = Debug;
		};
		695039272D0242B30074C4B8 /* Release */ = {
			isa = XCBuildConfiguration;
			buildSettings = {
				ASSETCATALOG_COMPILER_APPICON_NAME = AppIcon;
				ASSETCATALOG_COMPILER_GLOBAL_ACCENT_COLOR_NAME = AccentColor;
				CODE_SIGN_STYLE = Automatic;
				CURRENT_PROJECT_VERSION = 1;
				DEVELOPMENT_ASSET_PATHS = "\"Game2/Preview Content\"";
				DEVELOPMENT_TEAM = H59J88H832;
				ENABLE_PREVIEWS = YES;
				GENERATE_INFOPLIST_FILE = YES;
				INFOPLIST_FILE = Game2/Info.plist;
				INFOPLIST_KEY_UIApplicationSceneManifest_Generation = YES;
				INFOPLIST_KEY_UIApplicationSupportsIndirectInputEvents = YES;
				INFOPLIST_KEY_UILaunchScreen_Generation = YES;
				INFOPLIST_KEY_UISupportedInterfaceOrientations_iPad = "UIInterfaceOrientationPortrait UIInterfaceOrientationPortraitUpsideDown UIInterfaceOrientationLandscapeLeft UIInterfaceOrientationLandscapeRight";
				INFOPLIST_KEY_UISupportedInterfaceOrientations_iPhone = "UIInterfaceOrientationPortrait UIInterfaceOrientationLandscapeLeft UIInterfaceOrientationLandscapeRight";
				LD_RUNPATH_SEARCH_PATHS = (
					"$(inherited)",
					"@executable_path/Frameworks",
				);
				MARKETING_VERSION = 1.0;
				PRODUCT_BUNDLE_IDENTIFIER = me.Game2;
				PRODUCT_NAME = "$(TARGET_NAME)";
				SWIFT_EMIT_LOC_STRINGS = YES;
				SWIFT_VERSION = 5.0;
				TARGETED_DEVICE_FAMILY = "1,2";
			};
			name = Release;
		};
		695039292D0242B30074C4B8 /* Debug */ = {
			isa = XCBuildConfiguration;
			buildSettings = {
				ALWAYS_EMBED_SWIFT_STANDARD_LIBRARIES = YES;
				BUNDLE_LOADER = "$(TEST_HOST)";
				CODE_SIGN_STYLE = Automatic;
				CURRENT_PROJECT_VERSION = 1;
				DEVELOPMENT_TEAM = H59J88H832;
				GENERATE_INFOPLIST_FILE = YES;
				IPHONEOS_DEPLOYMENT_TARGET = 17.4;
				MARKETING_VERSION = 1.0;
				PRODUCT_BUNDLE_IDENTIFIER = me.Game2Tests;
				PRODUCT_NAME = "$(TARGET_NAME)";
				SWIFT_EMIT_LOC_STRINGS = NO;
				SWIFT_VERSION = 5.0;
				TARGETED_DEVICE_FAMILY = "1,2";
				TEST_HOST = "$(BUILT_PRODUCTS_DIR)/Game2.app/$(BUNDLE_EXECUTABLE_FOLDER_PATH)/Game2";
			};
			name = Debug;
		};
		6950392A2D0242B30074C4B8 /* Release */ = {
			isa = XCBuildConfiguration;
			buildSettings = {
				ALWAYS_EMBED_SWIFT_STANDARD_LIBRARIES = YES;
				BUNDLE_LOADER = "$(TEST_HOST)";
				CODE_SIGN_STYLE = Automatic;
				CURRENT_PROJECT_VERSION = 1;
				DEVELOPMENT_TEAM = H59J88H832;
				GENERATE_INFOPLIST_FILE = YES;
				IPHONEOS_DEPLOYMENT_TARGET = 17.4;
				MARKETING_VERSION = 1.0;
				PRODUCT_BUNDLE_IDENTIFIER = me.Game2Tests;
				PRODUCT_NAME = "$(TARGET_NAME)";
				SWIFT_EMIT_LOC_STRINGS = NO;
				SWIFT_VERSION = 5.0;
				TARGETED_DEVICE_FAMILY = "1,2";
				TEST_HOST = "$(BUILT_PRODUCTS_DIR)/Game2.app/$(BUNDLE_EXECUTABLE_FOLDER_PATH)/Game2";
			};
			name = Release;
		};
		6950392C2D0242B30074C4B8 /* Debug */ = {
			isa = XCBuildConfiguration;
			buildSettings = {
				ALWAYS_EMBED_SWIFT_STANDARD_LIBRARIES = YES;
				CODE_SIGN_STYLE = Automatic;
				CURRENT_PROJECT_VERSION = 1;
				DEVELOPMENT_TEAM = H59J88H832;
				GENERATE_INFOPLIST_FILE = YES;
				MARKETING_VERSION = 1.0;
				PRODUCT_BUNDLE_IDENTIFIER = me.Game2UITests;
				PRODUCT_NAME = "$(TARGET_NAME)";
				SWIFT_EMIT_LOC_STRINGS = NO;
				SWIFT_VERSION = 5.0;
				TARGETED_DEVICE_FAMILY = "1,2";
				TEST_TARGET_NAME = Game2;
			};
			name = Debug;
		};
		6950392D2D0242B30074C4B8 /* Release */ = {
			isa = XCBuildConfiguration;
			buildSettings = {
				ALWAYS_EMBED_SWIFT_STANDARD_LIBRARIES = YES;
				CODE_SIGN_STYLE = Automatic;
				CURRENT_PROJECT_VERSION = 1;
				DEVELOPMENT_TEAM = H59J88H832;
				GENERATE_INFOPLIST_FILE = YES;
				MARKETING_VERSION = 1.0;
				PRODUCT_BUNDLE_IDENTIFIER = me.Game2UITests;
				PRODUCT_NAME = "$(TARGET_NAME)";
				SWIFT_EMIT_LOC_STRINGS = NO;
				SWIFT_VERSION = 5.0;
				TARGETED_DEVICE_FAMILY = "1,2";
				TEST_TARGET_NAME = Game2;
			};
			name = Release;
		};
/* End XCBuildConfiguration section */

/* Begin XCConfigurationList section */
		695038FC2D0242B10074C4B8 /* Build configuration list for PBXProject "Game2" */ = {
			isa = XCConfigurationList;
			buildConfigurations = (
				695039232D0242B30074C4B8 /* Debug */,
				695039242D0242B30074C4B8 /* Release */,
			);
			defaultConfigurationIsVisible = 0;
			defaultConfigurationName = Release;
		};
		695039252D0242B30074C4B8 /* Build configuration list for PBXNativeTarget "Game2" */ = {
			isa = XCConfigurationList;
			buildConfigurations = (
				695039262D0242B30074C4B8 /* Debug */,
				695039272D0242B30074C4B8 /* Release */,
			);
			defaultConfigurationIsVisible = 0;
			defaultConfigurationName = Release;
		};
		695039282D0242B30074C4B8 /* Build configuration list for PBXNativeTarget "Game2Tests" */ = {
			isa = XCConfigurationList;
			buildConfigurations = (
				695039292D0242B30074C4B8 /* Debug */,
				6950392A2D0242B30074C4B8 /* Release */,
			);
			defaultConfigurationIsVisible = 0;
			defaultConfigurationName = Release;
		};
		6950392B2D0242B30074C4B8 /* Build configuration list for PBXNativeTarget "Game2UITests" */ = {
			isa = XCConfigurationList;
			buildConfigurations = (
				6950392C2D0242B30074C4B8 /* Debug */,
				6950392D2D0242B30074C4B8 /* Release */,
			);
			defaultConfigurationIsVisible = 0;
			defaultConfigurationName = Release;
		};
/* End XCConfigurationList section */
	};
	rootObject = 695038F92D0242B10074C4B8 /* Project object */;
}
